
Microsoft Visual Studio Solution File, Format Version 12.00
Project("{FAE04EC0-301F-11D3-BF4B-00C04F79EFBC}") = "Runner", "Runner\Runner.csproj", "{3A83D063-A300-4B06-9286-222EA43B9EFE}"
EndProject
Project("{FAE04EC0-301F-11D3-BF4B-00C04F79EFBC}") = "Parser", "Parser\Parser.csproj", "{95866975-0A19-4439-8A34-A3921CFC7D99}"
EndProject
Project("{FAE04EC0-301F-11D3-BF4B-00C04F79EFBC}") = "ParserTests", "ParserTests\ParserTests.csproj", "{79D1AC04-56C9-4B6F-8E7D-6B7C1F490256}"
EndProject
Project("{FAE04EC0-301F-11D3-BF4B-00C04F79EFBC}") = "Transpiler", "Transpiler\Transpiler.csproj", "{C8B04D49-EC60-4C91-8E14-72A14A576C3D}"
EndProject
Global
	GlobalSection(SolutionConfigurationPlatforms) = preSolution
		Debug|Any CPU = Debug|Any CPU
		Release|Any CPU = Release|Any CPU
	EndGlobalSection
	GlobalSection(ProjectConfigurationPlatforms) = postSolution
		{3A83D063-A300-4B06-9286-222EA43B9EFE}.Debug|Any CPU.ActiveCfg = Debug|Any CPU
		{3A83D063-A300-4B06-9286-222EA43B9EFE}.Debug|Any CPU.Build.0 = Debug|Any CPU
		{3A83D063-A300-4B06-9286-222EA43B9EFE}.Release|Any CPU.ActiveCfg = Release|Any CPU
		{3A83D063-A300-4B06-9286-222EA43B9EFE}.Release|Any CPU.Build.0 = Release|Any CPU
		{95866975-0A19-4439-8A34-A3921CFC7D99}.Debug|Any CPU.ActiveCfg = Debug|Any CPU
		{95866975-0A19-4439-8A34-A3921CFC7D99}.Debug|Any CPU.Build.0 = Debug|Any CPU
		{95866975-0A19-4439-8A34-A3921CFC7D99}.Release|Any CPU.ActiveCfg = Release|Any CPU
		{95866975-0A19-4439-8A34-A3921CFC7D99}.Release|Any CPU.Build.0 = Release|Any CPU
		{79D1AC04-56C9-4B6F-8E7D-6B7C1F490256}.Debug|Any CPU.ActiveCfg = Debug|Any CPU
		{79D1AC04-56C9-4B6F-8E7D-6B7C1F490256}.Debug|Any CPU.Build.0 = Debug|Any CPU
		{79D1AC04-56C9-4B6F-8E7D-6B7C1F490256}.Release|Any CPU.ActiveCfg = Release|Any CPU
		{79D1AC04-56C9-4B6F-8E7D-6B7C1F490256}.Release|Any CPU.Build.0 = Release|Any CPU
		{C8B04D49-EC60-4C91-8E14-72A14A576C3D}.Debug|Any CPU.ActiveCfg = Debug|Any CPU
		{C8B04D49-EC60-4C91-8E14-72A14A576C3D}.Debug|Any CPU.Build.0 = Debug|Any CPU
		{C8B04D49-EC60-4C91-8E14-72A14A576C3D}.Release|Any CPU.ActiveCfg = Release|Any CPU
		{C8B04D49-EC60-4C91-8E14-72A14A576C3D}.Release|Any CPU.Build.0 = Release|Any CPU
	EndGlobalSection
EndGlobal
